// !$*UTF8*$!
{
	archiveVersion = 1;
	classes = {
	};
	objectVersion = 77;
	objects = {

/* Begin PBXBuildFile section */
		7F959E952D11E12D0037C304 /* Paste File in Resources */ = {isa = PBXBuildFile; fileRef = 7F959E942D11E12D0037C304 /* Paste File */; };
/* End PBXBuildFile section */

/* Begin PBXContainerItemProxy section */
		7F959E5F2D114FE80037C304 /* PBXContainerItemProxy */ = {
			isa = PBXContainerItemProxy;
			containerPortal = 7F959E462D114FE60037C304 /* Project object */;
			proxyType = 1;
			remoteGlobalIDString = 7F959E4D2D114FE60037C304;
			remoteInfo = "Nooro Weather App";
		};
		7F959E692D114FE80037C304 /* PBXContainerItemProxy */ = {
			isa = PBXContainerItemProxy;
			containerPortal = 7F959E462D114FE60037C304 /* Project object */;
			proxyType = 1;
			remoteGlobalIDString = 7F959E4D2D114FE60037C304;
			remoteInfo = "Nooro Weather App";
		};
/* End PBXContainerItemProxy section */

/* Begin PBXFileReference section */
		7F959E4E2D114FE60037C304 /* Nooro Weather App.app */ = {isa = PBXFileReference; explicitFileType = wrapper.application; includeInIndex = 0; path = "Nooro Weather App.app"; sourceTree = BUILT_PRODUCTS_DIR; };
		7F959E5E2D114FE80037C304 /* Nooro Weather AppTests.xctest */ = {isa = PBXFileReference; explicitFileType = wrapper.cfbundle; includeInIndex = 0; path = "Nooro Weather AppTests.xctest"; sourceTree = BUILT_PRODUCTS_DIR; };
		7F959E682D114FE80037C304 /* Nooro Weather AppUITests.xctest */ = {isa = PBXFileReference; explicitFileType = wrapper.cfbundle; includeInIndex = 0; path = "Nooro Weather AppUITests.xctest"; sourceTree = BUILT_PRODUCTS_DIR; };
		7F959E942D11E12D0037C304 /* Paste File */ = {isa = PBXFileReference; lastKnownFileType = text; path = "Paste File"; sourceTree = "<group>"; };
/* End PBXFileReference section */

/* Begin PBXFileSystemSynchronizedRootGroup section */
		7F959E502D114FE60037C304 /* Nooro Weather App */ = {
			isa = PBXFileSystemSynchronizedRootGroup;
			path = "Nooro Weather App";
			sourceTree = "<group>";
		};
		7F959E612D114FE80037C304 /* Nooro Weather AppTests */ = {
			isa = PBXFileSystemSynchronizedRootGroup;
			path = "Nooro Weather AppTests";
			sourceTree = "<group>";
		};
		7F959E6B2D114FE80037C304 /* Nooro Weather AppUITests */ = {
			isa = PBXFileSystemSynchronizedRootGroup;
			path = "Nooro Weather AppUITests";
			sourceTree = "<group>";
		};
/* End PBXFileSystemSynchronizedRootGroup section */

/* Begin PBXFrameworksBuildPhase section */
		7F959E4B2D114FE60037C304 /* Frameworks */ = {
			isa = PBXFrameworksBuildPhase;
			buildActionMask = 2147483647;
			files = (
			);
			runOnlyForDeploymentPostprocessing = 0;
		};
		7F959E5B2D114FE80037C304 /* Frameworks */ = {
			isa = PBXFrameworksBuildPhase;
			buildActionMask = 2147483647;
			files = (
			);
			runOnlyForDeploymentPostprocessing = 0;
		};
		7F959E652D114FE80037C304 /* Frameworks */ = {
			isa = PBXFrameworksBuildPhase;
			buildActionMask = 2147483647;
			files = (
			);
			runOnlyForDeploymentPostprocessing = 0;
		};
/* End PBXFrameworksBuildPhase section */

/* Begin PBXGroup section */
		7F959E452D114FE60037C304 = {
			isa = PBXGroup;
			children = (
				7F959E942D11E12D0037C304 /* Paste File */,
				7F959E502D114FE60037C304 /* Nooro Weather App */,
				7F959E612D114FE80037C304 /* Nooro Weather AppTests */,
				7F959E6B2D114FE80037C304 /* Nooro Weather AppUITests */,
				7F959E4F2D114FE60037C304 /* Products */,
			);
			sourceTree = "<group>";
		};
		7F959E4F2D114FE60037C304 /* Products */ = {
			isa = PBXGroup;
			children = (
				7F959E4E2D114FE60037C304 /* Nooro Weather App.app */,
				7F959E5E2D114FE80037C304 /* Nooro Weather AppTests.xctest */,
				7F959E682D114FE80037C304 /* Nooro Weather AppUITests.xctest */,
			);
			name = Products;
			sourceTree = "<group>";
		};
/* End PBXGroup section */

/* Begin PBXNativeTarget section */
		7F959E4D2D114FE60037C304 /* Nooro Weather App */ = {
			isa = PBXNativeTarget;
			buildConfigurationList = 7F959E722D114FE80037C304 /* Build configuration list for PBXNativeTarget "Nooro Weather App" */;
			buildPhases = (
				7F959E4A2D114FE60037C304 /* Sources */,
				7F959E4B2D114FE60037C304 /* Frameworks */,
				7F959E4C2D114FE60037C304 /* Resources */,
			);
			buildRules = (
			);
			dependencies = (
			);
			fileSystemSynchronizedGroups = (
				7F959E502D114FE60037C304 /* Nooro Weather App */,
			);
			name = "Nooro Weather App";
			packageProductDependencies = (
			);
			productName = "Nooro Weather App";
			productReference = 7F959E4E2D114FE60037C304 /* Nooro Weather App.app */;
			productType = "com.apple.product-type.application";
		};
		7F959E5D2D114FE80037C304 /* Nooro Weather AppTests */ = {
			isa = PBXNativeTarget;
			buildConfigurationList = 7F959E752D114FE80037C304 /* Build configuration list for PBXNativeTarget "Nooro Weather AppTests" */;
			buildPhases = (
				7F959E5A2D114FE80037C304 /* Sources */,
				7F959E5B2D114FE80037C304 /* Frameworks */,
				7F959E5C2D114FE80037C304 /* Resources */,
			);
			buildRules = (
			);
			dependencies = (
				7F959E602D114FE80037C304 /* PBXTargetDependency */,
			);
			fileSystemSynchronizedGroups = (
				7F959E612D114FE80037C304 /* Nooro Weather AppTests */,
			);
			name = "Nooro Weather AppTests";
			packageProductDependencies = (
			);
			productName = "Nooro Weather AppTests";
			productReference = 7F959E5E2D114FE80037C304 /* Nooro Weather AppTests.xctest */;
			productType = "com.apple.product-type.bundle.unit-test";
		};
		7F959E672D114FE80037C304 /* Nooro Weather AppUITests */ = {
			isa = PBXNativeTarget;
			buildConfigurationList = 7F959E782D114FE80037C304 /* Build configuration list for PBXNativeTarget "Nooro Weather AppUITests" */;
			buildPhases = (
				7F959E642D114FE80037C304 /* Sources */,
				7F959E652D114FE80037C304 /* Frameworks */,
				7F959E662D114FE80037C304 /* Resources */,
			);
			buildRules = (
			);
			dependencies = (
				7F959E6A2D114FE80037C304 /* PBXTargetDependency */,
			);
			fileSystemSynchronizedGroups = (
				7F959E6B2D114FE80037C304 /* Nooro Weather AppUITests */,
			);
			name = "Nooro Weather AppUITests";
			packageProductDependencies = (
			);
			productName = "Nooro Weather AppUITests";
			productReference = 7F959E682D114FE80037C304 /* Nooro Weather AppUITests.xctest */;
			productType = "com.apple.product-type.bundle.ui-testing";
		};
/* End PBXNativeTarget section */

/* Begin PBXProject section */
		7F959E462D114FE60037C304 /* Project object */ = {
			isa = PBXProject;
			attributes = {
				BuildIndependentTargetsInParallel = 1;
				LastSwiftUpdateCheck = 1610;
				LastUpgradeCheck = 1610;
				TargetAttributes = {
					7F959E4D2D114FE60037C304 = {
						CreatedOnToolsVersion = 16.1;
					};
					7F959E5D2D114FE80037C304 = {
						CreatedOnToolsVersion = 16.1;
						TestTargetID = 7F959E4D2D114FE60037C304;
					};
					7F959E672D114FE80037C304 = {
						CreatedOnToolsVersion = 16.1;
						TestTargetID = 7F959E4D2D114FE60037C304;
					};
				};
			};
			buildConfigurationList = 7F959E492D114FE60037C304 /* Build configuration list for PBXProject "Nooro Weather App" */;
			developmentRegion = en;
			hasScannedForEncodings = 0;
			knownRegions = (
				en,
				Base,
			);
			mainGroup = 7F959E452D114FE60037C304;
			minimizedProjectReferenceProxies = 1;
			preferredProjectObjectVersion = 77;
			productRefGroup = 7F959E4F2D114FE60037C304 /* Products */;
			projectDirPath = "";
			projectRoot = "";
			targets = (
				7F959E4D2D114FE60037C304 /* Nooro Weather App */,
				7F959E5D2D114FE80037C304 /* Nooro Weather AppTests */,
				7F959E672D114FE80037C304 /* Nooro Weather AppUITests */,
			);
		};
/* End PBXProject section */

/* Begin PBXResourcesBuildPhase section */
		7F959E4C2D114FE60037C304 /* Resources */ = {
			isa = PBXResourcesBuildPhase;
			buildActionMask = 2147483647;
			files = (
				7F959E952D11E12D0037C304 /* Paste File in Resources */,
			);
			runOnlyForDeploymentPostprocessing = 0;
		};
		7F959E5C2D114FE80037C304 /* Resources */ = {
			isa = PBXResourcesBuildPhase;
			buildActionMask = 2147483647;
			files = (
			);
			runOnlyForDeploymentPostprocessing = 0;
		};
		7F959E662D114FE80037C304 /* Resources */ = {
			isa = PBXResourcesBuildPhase;
			buildActionMask = 2147483647;
			files = (
			);
			runOnlyForDeploymentPostprocessing = 0;
		};
/* End PBXResourcesBuildPhase section */

/* Begin PBXSourcesBuildPhase section */
		7F959E4A2D114FE60037C304 /* Sources */ = {
			isa = PBXSourcesBuildPhase;
			buildActionMask = 2147483647;
			files = (
			);
			runOnlyForDeploymentPostprocessing = 0;
		};
		7F959E5A2D114FE80037C304 /* Sources */ = {
			isa = PBXSourcesBuildPhase;
			buildActionMask = 2147483647;
			files = (
			);
			runOnlyForDeploymentPostprocessing = 0;
		};
		7F959E642D114FE80037C304 /* Sources */ = {
			isa = PBXSourcesBuildPhase;
			buildActionMask = 2147483647;
			files = (
			);
			runOnlyForDeploymentPostprocessing = 0;
		};
/* End PBXSourcesBuildPhase section */

/* Begin PBXTargetDependency section */
		7F959E602D114FE80037C304 /* PBXTargetDependency */ = {
			isa = PBXTargetDependency;
			target = 7F959E4D2D114FE60037C304 /* Nooro Weather App */;
			targetProxy = 7F959E5F2D114FE80037C304 /* PBXContainerItemProxy */;
		};
		7F959E6A2D114FE80037C304 /* PBXTargetDependency */ = {
			isa = PBXTargetDependency;
			target = 7F959E4D2D114FE60037C304 /* Nooro Weather App */;
			targetProxy = 7F959E692D114FE80037C304 /* PBXContainerItemProxy */;
		};
/* End PBXTargetDependency section */

/* Begin XCBuildConfiguration section */
		7F959E702D114FE80037C304 /* Debug */ = {
			isa = XCBuildConfiguration;
			buildSettings = {
				ALWAYS_SEARCH_USER_PATHS = NO;
				ASSETCATALOG_COMPILER_GENERATE_SWIFT_ASSET_SYMBOL_EXTENSIONS = YES;
				CLANG_ANALYZER_NONNULL = YES;
				CLANG_ANALYZER_NUMBER_OBJECT_CONVERSION = YES_AGGRESSIVE;
				CLANG_CXX_LANGUAGE_STANDARD = "gnu++20";
				CLANG_ENABLE_MODULES = YES;
				CLANG_ENABLE_OBJC_ARC = YES;
				CLANG_ENABLE_OBJC_WEAK = YES;
				CLANG_WARN_BLOCK_CAPTURE_AUTORELEASING = YES;
				CLANG_WARN_BOOL_CONVERSION = YES;
				CLANG_WARN_COMMA = YES;
				CLANG_WARN_CONSTANT_CONVERSION = YES;
				CLANG_WARN_DEPRECATED_OBJC_IMPLEMENTATIONS = YES;
				CLANG_WARN_DIRECT_OBJC_ISA_USAGE = YES_ERROR;
				CLANG_WARN_DOCUMENTATION_COMMENTS = YES;
				CLANG_WARN_EMPTY_BODY = YES;
				CLANG_WARN_ENUM_CONVERSION = YES;
				CLANG_WARN_INFINITE_RECURSION = YES;
				CLANG_WARN_INT_CONVERSION = YES;
				CLANG_WARN_NON_LITERAL_NULL_CONVERSION = YES;
				CLANG_WARN_OBJC_IMPLICIT_RETAIN_SELF = YES;
				CLANG_WARN_OBJC_LITERAL_CONVERSION = YES;
				CLANG_WARN_OBJC_ROOT_CLASS = YES_ERROR;
				CLANG_WARN_QUOTED_INCLUDE_IN_FRAMEWORK_HEADER = YES;
				CLANG_WARN_RANGE_LOOP_ANALYSIS = YES;
				CLANG_WARN_STRICT_PROTOTYPES = YES;
				CLANG_WARN_SUSPICIOUS_MOVE = YES;
				CLANG_WARN_UNGUARDED_AVAILABILITY = YES_AGGRESSIVE;
				CLANG_WARN_UNREACHABLE_CODE = YES;
				CLANG_WARN__DUPLICATE_METHOD_MATCH = YES;
				COPY_PHASE_STRIP = NO;
				DEBUG_INFORMATION_FORMAT = dwarf;
				ENABLE_STRICT_OBJC_MSGSEND = YES;
				ENABLE_TESTABILITY = YES;
				ENABLE_USER_SCRIPT_SANDBOXING = YES;
				GCC_C_LANGUAGE_STANDARD = gnu17;
				GCC_DYNAMIC_NO_PIC = NO;
				GCC_NO_COMMON_BLOCKS = YES;
				GCC_OPTIMIZATION_LEVEL = 0;
				GCC_PREPROCESSOR_DEFINITIONS = (
					"DEBUG=1",
					"$(inherited)",
				);
				GCC_WARN_64_TO_32_BIT_CONVERSION = YES;
				GCC_WARN_ABOUT_RETURN_TYPE = YES_ERROR;
				GCC_WARN_UNDECLARED_SELECTOR = YES;
				GCC_WARN_UNINITIALIZED_AUTOS = YES_AGGRESSIVE;
				GCC_WARN_UNUSED_FUNCTION = YES;
				GCC_WARN_UNUSED_VARIABLE = YES;
				IPHONEOS_DEPLOYMENT_TARGET = 18.1;
				LOCALIZATION_PREFERS_STRING_CATALOGS = YES;
				MTL_ENABLE_DEBUG_INFO = INCLUDE_SOURCE;
				MTL_FAST_MATH = YES;
				ONLY_ACTIVE_ARCH = YES;
				SDKROOT = iphoneos;
				SWIFT_ACTIVE_COMPILATION_CONDITIONS = "DEBUG $(inherited)";
				SWIFT_OPTIMIZATION_LEVEL = "-Onone";
			};
			name = Debug;
		};
		7F959E712D114FE80037C304 /* Release */ = {
			isa = XCBuildConfiguration;
			buildSettings = {
				ALWAYS_SEARCH_USER_PATHS = NO;
				ASSETCATALOG_COMPILER_GENERATE_SWIFT_ASSET_SYMBOL_EXTENSIONS = YES;
				CLANG_ANALYZER_NONNULL = YES;
				CLANG_ANALYZER_NUMBER_OBJECT_CONVERSION = YES_AGGRESSIVE;
				CLANG_CXX_LANGUAGE_STANDARD = "gnu++20";
				CLANG_ENABLE_MODULES = YES;
				CLANG_ENABLE_OBJC_ARC = YES;
				CLANG_ENABLE_OBJC_WEAK = YES;
				CLANG_WARN_BLOCK_CAPTURE_AUTORELEASING = YES;
				CLANG_WARN_BOOL_CONVERSION = YES;
				CLANG_WARN_COMMA = YES;
				CLANG_WARN_CONSTANT_CONVERSION = YES;
				CLANG_WARN_DEPRECATED_OBJC_IMPLEMENTATIONS = YES;
				CLANG_WARN_DIRECT_OBJC_ISA_USAGE = YES_ERROR;
				CLANG_WARN_DOCUMENTATION_COMMENTS = YES;
				CLANG_WARN_EMPTY_BODY = YES;
				CLANG_WARN_ENUM_CONVERSION = YES;
				CLANG_WARN_INFINITE_RECURSION = YES;
				CLANG_WARN_INT_CONVERSION = YES;
				CLANG_WARN_NON_LITERAL_NULL_CONVERSION = YES;
				CLANG_WARN_OBJC_IMPLICIT_RETAIN_SELF = YES;
				CLANG_WARN_OBJC_LITERAL_CONVERSION = YES;
				CLANG_WARN_OBJC_ROOT_CLASS = YES_ERROR;
				CLANG_WARN_QUOTED_INCLUDE_IN_FRAMEWORK_HEADER = YES;
				CLANG_WARN_RANGE_LOOP_ANALYSIS = YES;
				CLANG_WARN_STRICT_PROTOTYPES = YES;
				CLANG_WARN_SUSPICIOUS_MOVE = YES;
				CLANG_WARN_UNGUARDED_AVAILABILITY = YES_AGGRESSIVE;
				CLANG_WARN_UNREACHABLE_CODE = YES;
				CLANG_WARN__DUPLICATE_METHOD_MATCH = YES;
				COPY_PHASE_STRIP = NO;
				DEBUG_INFORMATION_FORMAT = "dwarf-with-dsym";
				ENABLE_NS_ASSERTIONS = NO;
				ENABLE_STRICT_OBJC_MSGSEND = YES;
				ENABLE_USER_SCRIPT_SANDBOXING = YES;
				GCC_C_LANGUAGE_STANDARD = gnu17;
				GCC_NO_COMMON_BLOCKS = YES;
				GCC_WARN_64_TO_32_BIT_CONVERSION = YES;
				GCC_WARN_ABOUT_RETURN_TYPE = YES_ERROR;
				GCC_WARN_UNDECLARED_SELECTOR = YES;
				GCC_WARN_UNINITIALIZED_AUTOS = YES_AGGRESSIVE;
				GCC_WARN_UNUSED_FUNCTION = YES;
				GCC_WARN_UNUSED_VARIABLE = YES;
				IPHONEOS_DEPLOYMENT_TARGET = 18.1;
				LOCALIZATION_PREFERS_STRING_CATALOGS = YES;
				MTL_ENABLE_DEBUG_INFO = NO;
				MTL_FAST_MATH = YES;
				SDKROOT = iphoneos;
				SWIFT_COMPILATION_MODE = wholemodule;
				VALIDATE_PRODUCT = YES;
			};
			name = Release;
		};
		7F959E732D114FE80037C304 /* Debug */ = {
			isa = XCBuildConfiguration;
			buildSettings = {
				ASSETCATALOG_COMPILER_APPICON_NAME = AppIcon;
				ASSETCATALOG_COMPILER_GLOBAL_ACCENT_COLOR_NAME = AccentColor;
				CODE_SIGN_STYLE = Automatic;
				CURRENT_PROJECT_VERSION = 1;
				DEVELOPMENT_ASSET_PATHS = "\"Nooro Weather App/Preview Content\"";
				DEVELOPMENT_TEAM = 2Q6W5P45CJ;
				ENABLE_PREVIEWS = YES;
				GENERATE_INFOPLIST_FILE = YES;
				INFOPLIST_KEY_UIApplicationSceneManifest_Generation = YES;
				INFOPLIST_KEY_UIApplicationSupportsIndirectInputEvents = YES;
				INFOPLIST_KEY_UILaunchScreen_Generation = YES;
				INFOPLIST_KEY_UISupportedInterfaceOrientations_iPad = "UIInterfaceOrientationPortrait UIInterfaceOrientationPortraitUpsideDown UIInterfaceOrientationLandscapeLeft UIInterfaceOrientationLandscapeRight";
				INFOPLIST_KEY_UISupportedInterfaceOrientations_iPhone = "UIInterfaceOrientationPortrait UIInterfaceOrientationLandscapeLeft UIInterfaceOrientationLandscapeRight";
				IPHONEOS_DEPLOYMENT_TARGET = 15.6;
				LD_RUNPATH_SEARCH_PATHS = (
					"$(inherited)",
					"@executable_path/Frameworks",
				);
				MARKETING_VERSION = 1.0;
				PRODUCT_BUNDLE_IDENTIFIER = "com.randymesso.Nooro-Weather-App";
				PRODUCT_NAME = "$(TARGET_NAME)";
				SWIFT_EMIT_LOC_STRINGS = YES;
				SWIFT_VERSION = 5.0;
				TARGETED_DEVICE_FAMILY = "1,2";
			};
			name = Debug;
		};
		7F959E742D114FE80037C304 /* Release */ = {
			isa = XCBuildConfiguration;
			buildSettings = {
				ASSETCATALOG_COMPILER_APPICON_NAME = AppIcon;
				ASSETCATALOG_COMPILER_GLOBAL_ACCENT_COLOR_NAME = AccentColor;
				CODE_SIGN_STYLE = Automatic;
				CURRENT_PROJECT_VERSION = 1;
				DEVELOPMENT_ASSET_PATHS = "\"Nooro Weather App/Preview Content\"";
				DEVELOPMENT_TEAM = 2Q6W5P45CJ;
				ENABLE_PREVIEWS = YES;
				GENERATE_INFOPLIST_FILE = YES;
				INFOPLIST_KEY_UIApplicationSceneManifest_Generation = YES;
				INFOPLIST_KEY_UIApplicationSupportsIndirectInputEvents = YES;
				INFOPLIST_KEY_UILaunchScreen_Generation = YES;
				INFOPLIST_KEY_UISupportedInterfaceOrientations_iPad = "UIInterfaceOrientationPortrait UIInterfaceOrientationPortraitUpsideDown UIInterfaceOrientationLandscapeLeft UIInterfaceOrientationLandscapeRight";
				INFOPLIST_KEY_UISupportedInterfaceOrientations_iPhone = "UIInterfaceOrientationPortrait UIInterfaceOrientationLandscapeLeft UIInterfaceOrientationLandscapeRight";
				IPHONEOS_DEPLOYMENT_TARGET = 15.6;
				LD_RUNPATH_SEARCH_PATHS = (
					"$(inherited)",
					"@executable_path/Frameworks",
				);
				MARKETING_VERSION = 1.0;
				PRODUCT_BUNDLE_IDENTIFIER = "com.randymesso.Nooro-Weather-App";
				PRODUCT_NAME = "$(TARGET_NAME)";
				SWIFT_EMIT_LOC_STRINGS = YES;
				SWIFT_VERSION = 5.0;
				TARGETED_DEVICE_FAMILY = "1,2";
			};
			name = Release;
		};
		7F959E762D114FE80037C304 /* Debug */ = {
			isa = XCBuildConfiguration;
			buildSettings = {
				BUNDLE_LOADER = "$(TEST_HOST)";
				CODE_SIGN_STYLE = Automatic;
				CURRENT_PROJECT_VERSION = 1;
				DEVELOPMENT_TEAM = 2Q6W5P45CJ;
				GENERATE_INFOPLIST_FILE = YES;
				IPHONEOS_DEPLOYMENT_TARGET = 15.6;
				MARKETING_VERSION = 1.0;
				PRODUCT_BUNDLE_IDENTIFIER = "com.randymesso.Nooro-Weather-AppTests";
				PRODUCT_NAME = "$(TARGET_NAME)";
				SWIFT_EMIT_LOC_STRINGS = NO;
				SWIFT_VERSION = 5.0;
				TARGETED_DEVICE_FAMILY = "1,2";
				TEST_HOST = "$(BUILT_PRODUCTS_DIR)/Nooro Weather App.app/$(BUNDLE_EXECUTABLE_FOLDER_PATH)/Nooro Weather App";
			};
			name = Debug;
		};
		7F959E772D114FE80037C304 /* Release */ = {
			isa = XCBuildConfiguration;
			buildSettings = {
				BUNDLE_LOADER = "$(TEST_HOST)";
				CODE_SIGN_STYLE = Automatic;
				CURRENT_PROJECT_VERSION = 1;
				DEVELOPMENT_TEAM = 2Q6W5P45CJ;
				GENERATE_INFOPLIST_FILE = YES;
				IPHONEOS_DEPLOYMENT_TARGET = 15.6;
				MARKETING_VERSION = 1.0;
				PRODUCT_BUNDLE_IDENTIFIER = "com.randymesso.Nooro-Weather-AppTests";
				PRODUCT_NAME = "$(TARGET_NAME)";
				SWIFT_EMIT_LOC_STRINGS = NO;
				SWIFT_VERSION = 5.0;
				TARGETED_DEVICE_FAMILY = "1,2";
				TEST_HOST = "$(BUILT_PRODUCTS_DIR)/Nooro Weather App.app/$(BUNDLE_EXECUTABLE_FOLDER_PATH)/Nooro Weather App";
			};
			name = Release;
		};
		7F959E792D114FE80037C304 /* Debug */ = {
			isa = XCBuildConfiguration;
			buildSettings = {
				CODE_SIGN_STYLE = Automatic;
				CURRENT_PROJECT_VERSION = 1;
				DEVELOPMENT_TEAM = 2Q6W5P45CJ;
				GENERATE_INFOPLIST_FILE = YES;
				MARKETING_VERSION = 1.0;
				PRODUCT_BUNDLE_IDENTIFIER = "com.randymesso.Nooro-Weather-AppUITests";
				PRODUCT_NAME = "$(TARGET_NAME)";
				SWIFT_EMIT_LOC_STRINGS = NO;
				SWIFT_VERSION = 5.0;
				TARGETED_DEVICE_FAMILY = "1,2";
				TEST_TARGET_NAME = "Nooro Weather App";
			};
			name = Debug;
		};
		7F959E7A2D114FE80037C304 /* Release */ = {
			isa = XCBuildConfiguration;
			buildSettings = {
				CODE_SIGN_STYLE = Automatic;
				CURRENT_PROJECT_VERSION = 1;
				DEVELOPMENT_TEAM = 2Q6W5P45CJ;
				GENERATE_INFOPLIST_FILE = YES;
				MARKETING_VERSION = 1.0;
				PRODUCT_BUNDLE_IDENTIFIER = "com.randymesso.Nooro-Weather-AppUITests";
				PRODUCT_NAME = "$(TARGET_NAME)";
				SWIFT_EMIT_LOC_STRINGS = NO;
				SWIFT_VERSION = 5.0;
				TARGETED_DEVICE_FAMILY = "1,2";
				TEST_TARGET_NAME = "Nooro Weather App";
			};
			name = Release;
		};
/* End XCBuildConfiguration section */

/* Begin XCConfigurationList section */
		7F959E492D114FE60037C304 /* Build configuration list for PBXProject "Nooro Weather App" */ = {
			isa = XCConfigurationList;
			buildConfigurations = (
				7F959E702D114FE80037C304 /* Debug */,
				7F959E712D114FE80037C304 /* Release */,
			);
			defaultConfigurationIsVisible = 0;
			defaultConfigurationName = Release;
		};
		7F959E722D114FE80037C304 /* Build configuration list for PBXNativeTarget "Nooro Weather App" */ = {
			isa = XCConfigurationList;
			buildConfigurations = (
				7F959E732D114FE80037C304 /* Debug */,
				7F959E742D114FE80037C304 /* Release */,
			);
			defaultConfigurationIsVisible = 0;
			defaultConfigurationName = Release;
		};
		7F959E752D114FE80037C304 /* Build configuration list for PBXNativeTarget "Nooro Weather AppTests" */ = {
			isa = XCConfigurationList;
			buildConfigurations = (
				7F959E762D114FE80037C304 /* Debug */,
				7F959E772D114FE80037C304 /* Release */,
			);
			defaultConfigurationIsVisible = 0;
			defaultConfigurationName = Release;
		};
		7F959E782D114FE80037C304 /* Build configuration list for PBXNativeTarget "Nooro Weather AppUITests" */ = {
			isa = XCConfigurationList;
			buildConfigurations = (
				7F959E792D114FE80037C304 /* Debug */,
				7F959E7A2D114FE80037C304 /* Release */,
			);
			defaultConfigurationIsVisible = 0;
			defaultConfigurationName = Release;
		};
/* End XCConfigurationList section */
	};
	rootObject = 7F959E462D114FE60037C304 /* Project object */;
}
